<?xml version="1.0" encoding="utf-8"?>
<Project ToolsVersion="4.0" xmlns="http://schemas.microsoft.com/developer/msbuild/2003">
  <ItemGroup>
    <Filter Include="Source Files">
      <UniqueIdentifier>{4FC737F1-C7A5-4376-A066-2A32D752A2FF}</UniqueIdentifier>
      <Extensions>cpp;c;cc;cxx;c++;cppm;ixx;def;odl;idl;hpj;bat;asm;asmx</Extensions>
    </Filter>
    <Filter Include="Header Files">
      <UniqueIdentifier>{93995380-89BD-4b04-88EB-625FBE52EBFB}</UniqueIdentifier>
      <Extensions>h;hh;hpp;hxx;h++;hm;inl;inc;ipp;xsd</Extensions>
    </Filter>
    <Filter Include="Resource Files">
      <UniqueIdentifier>{67DA6AB6-F800-4c08-8B7A-83BB121AAD01}</UniqueIdentifier>
      <Extensions>rc;ico;cur;bmp;dlg;rc2;rct;bin;rgs;gif;jpg;jpeg;jpe;resx;tiff;tif;png;wav;mfcribbon-ms</Extensions>
    </Filter>
    <Filter Include="Source Files\abstractions">
      <UniqueIdentifier>{7a7b4edb-5f4c-4fdd-888b-ac798e1c27a9}</UniqueIdentifier>
    </Filter>
    <Filter Include="Source Files\components">
      <UniqueIdentifier>{3f949049-ce83-4851-946a-ca0cf53a5490}</UniqueIdentifier>
    </Filter>
    <Filter Include="Source Files\models">
      <UniqueIdentifier>{9e1960c8-dd59-4bca-8c0e-3afdb33ac680}</UniqueIdentifier>
    </Filter>
    <Filter Include="Header Files\abstractions">
      <UniqueIdentifier>{e5d052b9-61f5-46b0-b66f-3f95fa16ee86}</UniqueIdentifier>
    </Filter>
    <Filter Include="Header Files\components">
      <UniqueIdentifier>{ac18cf63-3661-4b19-8a8c-ff0cc04b0f70}</UniqueIdentifier>
    </Filter>
    <Filter Include="Header Files\models">
      <UniqueIdentifier>{20c804b7-d000-43a5-8eb9-6fafaf4e6001}</UniqueIdentifier>
    </Filter>
  </ItemGroup>
  <ItemGroup>
    <ClCompile Include="src\Main.cpp">
      <Filter>Source Files</Filter>
    </ClCompile>
    <ClCompile Include="src\IndexBuffer.cpp">
      <Filter>Source Files\abstractions</Filter>
    </ClCompile>
    <ClCompile Include="src\VertexArray.cpp">
      <Filter>Source Files\abstractions</Filter>
    </ClCompile>
    <ClCompile Include="src\VertexBuffer.cpp">
      <Filter>Source Files\abstractions</Filter>
    </ClCompile>
    <ClCompile Include="src\Shader.cpp">
      <Filter>Source Files\components</Filter>
    </ClCompile>
    <ClCompile Include="src\Renderer.cpp">
      <Filter>Source Files\components</Filter>
    </ClCompile>
    <ClCompile Include="src\vendor\stb_image\stb_image.cpp">
      <Filter>Source Files</Filter>
    </ClCompile>
    <ClCompile Include="src\Texture.cpp">
      <Filter>Source Files</Filter>
    </ClCompile>
    <ClCompile Include="src\vendor\sphere\Icosphere.cpp">
      <Filter>Source Files</Filter>
    </ClCompile>
    <ClCompile Include="src\vendor\sphere\Sphere.cpp">
      <Filter>Source Files</Filter>
    </ClCompile>
    <ClCompile Include="src\vendor\sphere\Cubesphere.cpp">
      <Filter>Source Files</Filter>
    </ClCompile>
  </ItemGroup>
  <ItemGroup>
    <ClInclude Include="src\IndexBuffer.h">
      <Filter>Header Files\abstractions</Filter>
    </ClInclude>
    <ClInclude Include="src\VertexArray.h">
      <Filter>Header Files\abstractions</Filter>
    </ClInclude>
    <ClInclude Include="src\VertexBuffer.h">
      <Filter>Header Files\abstractions</Filter>
    </ClInclude>
    <ClInclude Include="src\VertexBufferLayout.h">
      <Filter>Header Files\abstractions</Filter>
    </ClInclude>
    <ClInclude Include="src\Renderer.h">
      <Filter>Header Files\components</Filter>
    </ClInclude>
    <ClInclude Include="src\Shader.h">
      <Filter>Header Files\components</Filter>
    </ClInclude>
    <ClInclude Include="src\vendor\stb_image\stb_image.h">
      <Filter>Header Files</Filter>
    </ClInclude>
    <ClInclude Include="src\Texture.h">
      <Filter>Header Files</Filter>
    </ClInclude>
    <ClInclude Include="src\vendor\sphere\Icosphere.h">
      <Filter>Header Files</Filter>
    </ClInclude>
    <ClInclude Include="src\vendor\sphere\Sphere.h">
      <Filter>Header Files</Filter>
    </ClInclude>
    <ClInclude Include="src\vendor\sphere\Cubesphere.h">
      <Filter>Header Files</Filter>
    </ClInclude>
  </ItemGroup>
  <ItemGroup>
    <None Include="res\shaders\Basic.shader">
      <Filter>Resource Files</Filter>
    </None>
  </ItemGroup>
  <ItemGroup>
    <Image Include="res\textures\2k_earth.jpg">
      <Filter>Resource Files</Filter>
    </Image>
    <Image Include="res\textures\earth.bmp">
      <Filter>Resource Files</Filter>
    </Image>
    <Image Include="res\textures\moon.jpg">
      <Filter>Resource Files</Filter>
    </Image>
    <Image Include="res\textures\moon2.tif">
      <Filter>Resource Files</Filter>
    </Image>
    <Image Include="res\textures\planet.png">
      <Filter>Resource Files</Filter>
    </Image>
    <Image Include="res\textures\sun.bmp">
      <Filter>Resource Files</Filter>
    </Image>
    <Image Include="res\textures\2k_sun.jpg">
      <Filter>Resource Files</Filter>
    </Image>
  </ItemGroup>
</Project>